PODS:
  - Hue (3.0.1)
  - Presentation (4.1.3)

DEPENDENCIES:
  - Hue
  - Presentation (from `../../`)

SPEC REPOS:
  https://github.com/CocoaPods/Specs.git:
    - Hue

EXTERNAL SOURCES:
  Presentation:
    :path: "../../"

SPEC CHECKSUMS:
  Hue: 93e852fa6211ab35922ad8c293f51c43d6c79eb2
  Presentation: 9c9009b061255db9c448dec8954ef2129c2eb4ff

PODFILE CHECKSUM: fdf662532b7595886c0398895df5b6e99fbfa147

COCOAPODS: 1.11.2
