PODS:
  - Hue (3.0.1)
  - Presentation (4.1.4)

DEPENDENCIES:
  - Hue
  - Presentation (from `../../`)

SPEC REPOS:
  https://github.com/CocoaPods/Specs.git:
    - Hue

EXTERNAL SOURCES:
  Presentation:
    :path: "../../"

SPEC CHECKSUMS:
  Hue: 93e852fa6211ab35922ad8c293f51c43d6c79eb2
  Presentation: c585ed27b1e652adb4735b6916539ad75b6b79c4

PODFILE CHECKSUM: e444bce3cdedfe1f2c81fadb8475565f68d8709d

COCOAPODS: 1.11.2
